{
  "name": "ntp-test",
  "version": "1.0.0",
  "lockfileVersion": 3,
  "requires": true,
  "packages": {
    "": {
      "name": "ntp-test",
      "version": "1.0.0",
      "license": "ISC",
      "dependencies": {
        "ntp-time": "^2.0.6"
      }
    },
    "node_modules/ntp-time": {
      "version": "2.0.6",
      "resolved": "https://registry.npmjs.org/ntp-time/-/ntp-time-2.0.6.tgz",
      "integrity": "sha512-8SlYNOdAev7bj21ZXAiLwf5GQusHlMo8mQiO3sp8YUy4ug5kTwuw2UQKkDpcS/sZTVsLUPTxeBisGhPgjHoZyw==",
      "license": "MIT"
    }
  }
}
